
Microsoft Visual Studio Solution File, Format Version 12.00
# Visual Studio Version 17
VisualStudioVersion = 17.3.32929.385
MinimumVisualStudioVersion = 15.0.26124.0
Project("{2150E333-8FDC-42A3-9474-1A3956D46DE8}") = "src", "src", "{10B83B43-B851-4B70-B2C3-1CF4E507235E}"
EndProject
Project("{9A19103F-16F7-4668-BE54-9A1E7A4F7556}") = "Insurance.Api", "src\Insurance.Api\Insurance.Api.csproj", "{0633C3FD-55EE-438F-9897-37915CF88F76}"
EndProject
Project("{2150E333-8FDC-42A3-9474-1A3956D46DE8}") = "tests", "tests", "{688513B6-F847-4834-8770-21037905B973}"
EndProject
Project("{9A19103F-16F7-4668-BE54-9A1E7A4F7556}") = "Insurance.Core", "src\Insurance.Core\Insurance.Core.csproj", "{61824857-46A5-4EA7-903A-83C5B6808977}"
EndProject
Project("{9A19103F-16F7-4668-BE54-9A1E7A4F7556}") = "Insurance.Entities", "src\Insurance.Entities\Insurance.Entities.csproj", "{70669501-2DCD-474E-A274-FA27ABC2CF73}"
EndProject
Project("{9A19103F-16F7-4668-BE54-9A1E7A4F7556}") = "Insurance.DataAccess", "src\Insurance.DataAccess\Insurance.DataAccess.csproj", "{82CDC6E9-2F6C-4FC0-9792-79DE2EF9859D}"
EndProject
Project("{9A19103F-16F7-4668-BE54-9A1E7A4F7556}") = "Insurance.Business", "src\Insurance.Business\Insurance.Business.csproj", "{6FFA34D2-37D4-4A89-9676-E43BE4D303CB}"
EndProject
Project("{9A19103F-16F7-4668-BE54-9A1E7A4F7556}") = "Insurance.Business.Tests", "tests\Insurance.Business.Tests\Insurance.Business.Tests.csproj", "{B8AF23EF-1754-4CEE-8275-2051D7FA13A3}"
EndProject
Project("{9A19103F-16F7-4668-BE54-9A1E7A4F7556}") = "Insurance.Api.Tests", "tests\Insurance.Api.Tests\Insurance.Api.Tests.csproj", "{C71A2E35-9E45-4359-A943-86DE7D0D78BC}"
EndProject
Global
	GlobalSection(SolutionConfigurationPlatforms) = preSolution
		Debug|Any CPU = Debug|Any CPU
		Debug|x64 = Debug|x64
		Debug|x86 = Debug|x86
		Release|Any CPU = Release|Any CPU
		Release|x64 = Release|x64
		Release|x86 = Release|x86
	EndGlobalSection
	GlobalSection(ProjectConfigurationPlatforms) = postSolution
		{0633C3FD-55EE-438F-9897-37915CF88F76}.Debug|Any CPU.ActiveCfg = Debug|Any CPU
		{0633C3FD-55EE-438F-9897-37915CF88F76}.Debug|Any CPU.Build.0 = Debug|Any CPU
		{0633C3FD-55EE-438F-9897-37915CF88F76}.Debug|x64.ActiveCfg = Debug|Any CPU
		{0633C3FD-55EE-438F-9897-37915CF88F76}.Debug|x64.Build.0 = Debug|Any CPU
		{0633C3FD-55EE-438F-9897-37915CF88F76}.Debug|x86.ActiveCfg = Debug|Any CPU
		{0633C3FD-55EE-438F-9897-37915CF88F76}.Debug|x86.Build.0 = Debug|Any CPU
		{0633C3FD-55EE-438F-9897-37915CF88F76}.Release|Any CPU.ActiveCfg = Release|Any CPU
		{0633C3FD-55EE-438F-9897-37915CF88F76}.Release|Any CPU.Build.0 = Release|Any CPU
		{0633C3FD-55EE-438F-9897-37915CF88F76}.Release|x64.ActiveCfg = Release|Any CPU
		{0633C3FD-55EE-438F-9897-37915CF88F76}.Release|x64.Build.0 = Release|Any CPU
		{0633C3FD-55EE-438F-9897-37915CF88F76}.Release|x86.ActiveCfg = Release|Any CPU
		{0633C3FD-55EE-438F-9897-37915CF88F76}.Release|x86.Build.0 = Release|Any CPU
		{61824857-46A5-4EA7-903A-83C5B6808977}.Debug|Any CPU.ActiveCfg = Debug|Any CPU
		{61824857-46A5-4EA7-903A-83C5B6808977}.Debug|Any CPU.Build.0 = Debug|Any CPU
		{61824857-46A5-4EA7-903A-83C5B6808977}.Debug|x64.ActiveCfg = Debug|Any CPU
		{61824857-46A5-4EA7-903A-83C5B6808977}.Debug|x64.Build.0 = Debug|Any CPU
		{61824857-46A5-4EA7-903A-83C5B6808977}.Debug|x86.ActiveCfg = Debug|Any CPU
		{61824857-46A5-4EA7-903A-83C5B6808977}.Debug|x86.Build.0 = Debug|Any CPU
		{61824857-46A5-4EA7-903A-83C5B6808977}.Release|Any CPU.ActiveCfg = Release|Any CPU
		{61824857-46A5-4EA7-903A-83C5B6808977}.Release|Any CPU.Build.0 = Release|Any CPU
		{61824857-46A5-4EA7-903A-83C5B6808977}.Release|x64.ActiveCfg = Release|Any CPU
		{61824857-46A5-4EA7-903A-83C5B6808977}.Release|x64.Build.0 = Release|Any CPU
		{61824857-46A5-4EA7-903A-83C5B6808977}.Release|x86.ActiveCfg = Release|Any CPU
		{61824857-46A5-4EA7-903A-83C5B6808977}.Release|x86.Build.0 = Release|Any CPU
		{70669501-2DCD-474E-A274-FA27ABC2CF73}.Debug|Any CPU.ActiveCfg = Debug|Any CPU
		{70669501-2DCD-474E-A274-FA27ABC2CF73}.Debug|Any CPU.Build.0 = Debug|Any CPU
		{70669501-2DCD-474E-A274-FA27ABC2CF73}.Debug|x64.ActiveCfg = Debug|Any CPU
		{70669501-2DCD-474E-A274-FA27ABC2CF73}.Debug|x64.Build.0 = Debug|Any CPU
		{70669501-2DCD-474E-A274-FA27ABC2CF73}.Debug|x86.ActiveCfg = Debug|Any CPU
		{70669501-2DCD-474E-A274-FA27ABC2CF73}.Debug|x86.Build.0 = Debug|Any CPU
		{70669501-2DCD-474E-A274-FA27ABC2CF73}.Release|Any CPU.ActiveCfg = Release|Any CPU
		{70669501-2DCD-474E-A274-FA27ABC2CF73}.Release|Any CPU.Build.0 = Release|Any CPU
		{70669501-2DCD-474E-A274-FA27ABC2CF73}.Release|x64.ActiveCfg = Release|Any CPU
		{70669501-2DCD-474E-A274-FA27ABC2CF73}.Release|x64.Build.0 = Release|Any CPU
		{70669501-2DCD-474E-A274-FA27ABC2CF73}.Release|x86.ActiveCfg = Release|Any CPU
		{70669501-2DCD-474E-A274-FA27ABC2CF73}.Release|x86.Build.0 = Release|Any CPU
		{82CDC6E9-2F6C-4FC0-9792-79DE2EF9859D}.Debug|Any CPU.ActiveCfg = Debug|Any CPU
		{82CDC6E9-2F6C-4FC0-9792-79DE2EF9859D}.Debug|Any CPU.Build.0 = Debug|Any CPU
		{82CDC6E9-2F6C-4FC0-9792-79DE2EF9859D}.Debug|x64.ActiveCfg = Debug|Any CPU
		{82CDC6E9-2F6C-4FC0-9792-79DE2EF9859D}.Debug|x64.Build.0 = Debug|Any CPU
		{82CDC6E9-2F6C-4FC0-9792-79DE2EF9859D}.Debug|x86.ActiveCfg = Debug|Any CPU
		{82CDC6E9-2F6C-4FC0-9792-79DE2EF9859D}.Debug|x86.Build.0 = Debug|Any CPU
		{82CDC6E9-2F6C-4FC0-9792-79DE2EF9859D}.Release|Any CPU.ActiveCfg = Release|Any CPU
		{82CDC6E9-2F6C-4FC0-9792-79DE2EF9859D}.Release|Any CPU.Build.0 = Release|Any CPU
		{82CDC6E9-2F6C-4FC0-9792-79DE2EF9859D}.Release|x64.ActiveCfg = Release|Any CPU
		{82CDC6E9-2F6C-4FC0-9792-79DE2EF9859D}.Release|x64.Build.0 = Release|Any CPU
		{82CDC6E9-2F6C-4FC0-9792-79DE2EF9859D}.Release|x86.ActiveCfg = Release|Any CPU
		{82CDC6E9-2F6C-4FC0-9792-79DE2EF9859D}.Release|x86.Build.0 = Release|Any CPU
		{6FFA34D2-37D4-4A89-9676-E43BE4D303CB}.Debug|Any CPU.ActiveCfg = Debug|Any CPU
		{6FFA34D2-37D4-4A89-9676-E43BE4D303CB}.Debug|Any CPU.Build.0 = Debug|Any CPU
		{6FFA34D2-37D4-4A89-9676-E43BE4D303CB}.Debug|x64.ActiveCfg = Debug|Any CPU
		{6FFA34D2-37D4-4A89-9676-E43BE4D303CB}.Debug|x64.Build.0 = Debug|Any CPU
		{6FFA34D2-37D4-4A89-9676-E43BE4D303CB}.Debug|x86.ActiveCfg = Debug|Any CPU
		{6FFA34D2-37D4-4A89-9676-E43BE4D303CB}.Debug|x86.Build.0 = Debug|Any CPU
		{6FFA34D2-37D4-4A89-9676-E43BE4D303CB}.Release|Any CPU.ActiveCfg = Release|Any CPU
		{6FFA34D2-37D4-4A89-9676-E43BE4D303CB}.Release|Any CPU.Build.0 = Release|Any CPU
		{6FFA34D2-37D4-4A89-9676-E43BE4D303CB}.Release|x64.ActiveCfg = Release|Any CPU
		{6FFA34D2-37D4-4A89-9676-E43BE4D303CB}.Release|x64.Build.0 = Release|Any CPU
		{6FFA34D2-37D4-4A89-9676-E43BE4D303CB}.Release|x86.ActiveCfg = Release|Any CPU
		{6FFA34D2-37D4-4A89-9676-E43BE4D303CB}.Release|x86.Build.0 = Release|Any CPU
		{B8AF23EF-1754-4CEE-8275-2051D7FA13A3}.Debug|Any CPU.ActiveCfg = Debug|Any CPU
		{B8AF23EF-1754-4CEE-8275-2051D7FA13A3}.Debug|Any CPU.Build.0 = Debug|Any CPU
		{B8AF23EF-1754-4CEE-8275-2051D7FA13A3}.Debug|x64.ActiveCfg = Debug|Any CPU
		{B8AF23EF-1754-4CEE-8275-2051D7FA13A3}.Debug|x64.Build.0 = Debug|Any CPU
		{B8AF23EF-1754-4CEE-8275-2051D7FA13A3}.Debug|x86.ActiveCfg = Debug|Any CPU
		{B8AF23EF-1754-4CEE-8275-2051D7FA13A3}.Debug|x86.Build.0 = Debug|Any CPU
		{B8AF23EF-1754-4CEE-8275-2051D7FA13A3}.Release|Any CPU.ActiveCfg = Release|Any CPU
		{B8AF23EF-1754-4CEE-8275-2051D7FA13A3}.Release|Any CPU.Build.0 = Release|Any CPU
		{B8AF23EF-1754-4CEE-8275-2051D7FA13A3}.Release|x64.ActiveCfg = Release|Any CPU
		{B8AF23EF-1754-4CEE-8275-2051D7FA13A3}.Release|x64.Build.0 = Release|Any CPU
		{B8AF23EF-1754-4CEE-8275-2051D7FA13A3}.Release|x86.ActiveCfg = Release|Any CPU
		{B8AF23EF-1754-4CEE-8275-2051D7FA13A3}.Release|x86.Build.0 = Release|Any CPU
		{C71A2E35-9E45-4359-A943-86DE7D0D78BC}.Debug|Any CPU.ActiveCfg = Debug|Any CPU
		{C71A2E35-9E45-4359-A943-86DE7D0D78BC}.Debug|Any CPU.Build.0 = Debug|Any CPU
		{C71A2E35-9E45-4359-A943-86DE7D0D78BC}.Debug|x64.ActiveCfg = Debug|Any CPU
		{C71A2E35-9E45-4359-A943-86DE7D0D78BC}.Debug|x64.Build.0 = Debug|Any CPU
		{C71A2E35-9E45-4359-A943-86DE7D0D78BC}.Debug|x86.ActiveCfg = Debug|Any CPU
		{C71A2E35-9E45-4359-A943-86DE7D0D78BC}.Debug|x86.Build.0 = Debug|Any CPU
		{C71A2E35-9E45-4359-A943-86DE7D0D78BC}.Release|Any CPU.ActiveCfg = Release|Any CPU
		{C71A2E35-9E45-4359-A943-86DE7D0D78BC}.Release|Any CPU.Build.0 = Release|Any CPU
		{C71A2E35-9E45-4359-A943-86DE7D0D78BC}.Release|x64.ActiveCfg = Release|Any CPU
		{C71A2E35-9E45-4359-A943-86DE7D0D78BC}.Release|x64.Build.0 = Release|Any CPU
		{C71A2E35-9E45-4359-A943-86DE7D0D78BC}.Release|x86.ActiveCfg = Release|Any CPU
		{C71A2E35-9E45-4359-A943-86DE7D0D78BC}.Release|x86.Build.0 = Release|Any CPU
	EndGlobalSection
	GlobalSection(SolutionProperties) = preSolution
		HideSolutionNode = FALSE
	EndGlobalSection
	GlobalSection(NestedProjects) = preSolution
		{0633C3FD-55EE-438F-9897-37915CF88F76} = {10B83B43-B851-4B70-B2C3-1CF4E507235E}
		{61824857-46A5-4EA7-903A-83C5B6808977} = {10B83B43-B851-4B70-B2C3-1CF4E507235E}
		{70669501-2DCD-474E-A274-FA27ABC2CF73} = {10B83B43-B851-4B70-B2C3-1CF4E507235E}
		{82CDC6E9-2F6C-4FC0-9792-79DE2EF9859D} = {10B83B43-B851-4B70-B2C3-1CF4E507235E}
		{6FFA34D2-37D4-4A89-9676-E43BE4D303CB} = {10B83B43-B851-4B70-B2C3-1CF4E507235E}
		{B8AF23EF-1754-4CEE-8275-2051D7FA13A3} = {688513B6-F847-4834-8770-21037905B973}
		{C71A2E35-9E45-4359-A943-86DE7D0D78BC} = {688513B6-F847-4834-8770-21037905B973}
	EndGlobalSection
	GlobalSection(ExtensibilityGlobals) = postSolution
		SolutionGuid = {68FEBA23-381E-4850-AC77-D16D254958DD}
	EndGlobalSection
EndGlobal
